
Microsoft Visual Studio Solution File, Format Version 12.00
# Visual Studio 15
Project("{FAE04EC0-301F-11D3-BF4B-00C04F79EFBC}") = "UnityEngine.UI", "UnityEngine.UI.csproj", "{824EA20E-A5DC-D924-C13C-5B220ACA033E}"
EndProject
Project("{FAE04EC0-301F-11D3-BF4B-00C04F79EFBC}") = "UnityEngine.TestRunner", "UnityEngine.TestRunner.csproj", "{565CC5D9-7430-7421-B4E0-46606A93C0DC}"
EndProject
Project("{FAE04EC0-301F-11D3-BF4B-00C04F79EFBC}") = "Unity.Mathematics", "Unity.Mathematics.csproj", "{572783DF-B4E2-5C92-37C9-7B69B83A2F8F}"
EndProject
Project("{FAE04EC0-301F-11D3-BF4B-00C04F79EFBC}") = "Unity.2D.Animation.Triangle.Runtime", "Unity.2D.Animation.Triangle.Runtime.csproj", "{37467FC5-AECF-0417-C76B-CFF92458AABC}"
EndProject
Project("{FAE04EC0-301F-11D3-BF4B-00C04F79EFBC}") = "Unity.Timeline", "Unity.Timeline.csproj", "{360B0DA9-1F1D-1868-1BD0-057E283E1EE9}"
EndProject
Project("{FAE04EC0-301F-11D3-BF4B-00C04F79EFBC}") = "Unity.TextMeshPro", "Unity.TextMeshPro.csproj", "{48575AC0-0A07-20A5-049F-764453CB6BAC}"
EndProject
Project("{FAE04EC0-301F-11D3-BF4B-00C04F79EFBC}") = "Unity.2D.Animation.Runtime", "Unity.2D.Animation.Runtime.csproj", "{3520D73C-6483-916A-DCF8-D1C184F7B316}"
EndProject
Project("{FAE04EC0-301F-11D3-BF4B-00C04F79EFBC}") = "Assembly-CSharp", "Assembly-CSharp.csproj", "{E83B84FD-B164-4CFD-4D98-EF763611C665}"
EndProject
Project("{FAE04EC0-301F-11D3-BF4B-00C04F79EFBC}") = "Unity.2D.IK.Runtime", "Unity.2D.IK.Runtime.csproj", "{9625A8E5-88CE-351C-A728-EE080D563820}"
EndProject
Project("{FAE04EC0-301F-11D3-BF4B-00C04F79EFBC}") = "Unity.2D.SpriteShape.Runtime", "Unity.2D.SpriteShape.Runtime.csproj", "{2AC6DB5D-C191-CB37-7CA2-C2ACC0BC113E}"
EndProject
Project("{FAE04EC0-301F-11D3-BF4B-00C04F79EFBC}") = "Unity.2D.PixelPerfect", "Unity.2D.PixelPerfect.csproj", "{2EBCE80E-76F2-68F7-0A14-E5638B343A5C}"
EndProject
Project("{FAE04EC0-301F-11D3-BF4B-00C04F79EFBC}") = "Unity.2D.Common.Runtime", "Unity.2D.Common.Runtime.csproj", "{1C615BFE-4629-68B8-1C76-552A0A71B0A8}"
EndProject
Project("{FAE04EC0-301F-11D3-BF4B-00C04F79EFBC}") = "Unity.InternalAPIEngineBridge.001", "Unity.InternalAPIEngineBridge.001.csproj", "{8E3AD128-1540-71E1-C48C-C08420A30C1D}"
EndProject
Project("{FAE04EC0-301F-11D3-BF4B-00C04F79EFBC}") = "UnityEditor.TestRunner", "UnityEditor.TestRunner.csproj", "{97A6ED3D-97CC-5B9B-6EC7-232208A84D0E}"
EndProject
Project("{FAE04EC0-301F-11D3-BF4B-00C04F79EFBC}") = "Unity.PlasticSCM.Editor", "Unity.PlasticSCM.Editor.csproj", "{BFCC3249-DECB-EB9F-C430-09F3FB0C0FBD}"
EndProject
Project("{FAE04EC0-301F-11D3-BF4B-00C04F79EFBC}") = "UnityEditor.UI", "UnityEditor.UI.csproj", "{B2C1F9AC-7DA7-B384-9B6B-6B5DDB43BDA5}"
EndProject
Project("{FAE04EC0-301F-11D3-BF4B-00C04F79EFBC}") = "Unity.Timeline.Editor", "Unity.Timeline.Editor.csproj", "{C2C84FA1-AD0B-67FC-0BB1-EDBD50EFCAA6}"
EndProject
Project("{FAE04EC0-301F-11D3-BF4B-00C04F79EFBC}") = "Unity.VisualStudio.Editor", "Unity.VisualStudio.Editor.csproj", "{66A150D4-4EDC-24FA-330E-A390B78DEF95}"
EndProject
Project("{FAE04EC0-301F-11D3-BF4B-00C04F79EFBC}") = "Unity.2D.Psdimporter.Editor", "Unity.2D.Psdimporter.Editor.csproj", "{DD5B4BE0-A92B-ECFA-BBF1-B4DA045A41FE}"
EndProject
Project("{FAE04EC0-301F-11D3-BF4B-00C04F79EFBC}") = "Unity.2D.Animation.Editor", "Unity.2D.Animation.Editor.csproj", "{651D3F23-9053-D490-318E-70C33326C76A}"
EndProject
Project("{FAE04EC0-301F-11D3-BF4B-00C04F79EFBC}") = "Unity.TextMeshPro.Editor", "Unity.TextMeshPro.Editor.csproj", "{FD870D01-89C3-8C9E-D7BD-C9817BC47ACD}"
EndProject
Project("{FAE04EC0-301F-11D3-BF4B-00C04F79EFBC}") = "Unity.2D.SpriteShape.Editor", "Unity.2D.SpriteShape.Editor.csproj", "{C932D360-31B3-D246-3994-7668EE6E6011}"
EndProject
Project("{FAE04EC0-301F-11D3-BF4B-00C04F79EFBC}") = "Unity.CollabProxy.Editor", "Unity.CollabProxy.Editor.csproj", "{CE69185D-E817-3AE7-B564-34A939C1E820}"
EndProject
Project("{FAE04EC0-301F-11D3-BF4B-00C04F79EFBC}") = "PsdPlugin", "PsdPlugin.csproj", "{B4A01308-BD89-EAC9-5180-F224099E9D0B}"
EndProject
Project("{FAE04EC0-301F-11D3-BF4B-00C04F79EFBC}") = "Unity.2D.Path.Editor", "Unity.2D.Path.Editor.csproj", "{C97A71AC-16B3-966E-1FA8-8C0B93F5761C}"
EndProject
Project("{FAE04EC0-301F-11D3-BF4B-00C04F79EFBC}") = "Unity.Rider.Editor", "Unity.Rider.Editor.csproj", "{106D7FD5-9F6C-A80C-74B2-8791F5481900}"
EndProject
Project("{FAE04EC0-301F-11D3-BF4B-00C04F79EFBC}") = "Unity.2D.IK.Editor", "Unity.2D.IK.Editor.csproj", "{5BF5F894-49C1-9E4A-02DE-E113909DD736}"
EndProject
Project("{FAE04EC0-301F-11D3-BF4B-00C04F79EFBC}") = "Unity.2D.Sprite.Editor", "Unity.2D.Sprite.Editor.csproj", "{83B54BF8-1C67-4397-E640-DF36FA6E97D4}"
EndProject
Project("{FAE04EC0-301F-11D3-BF4B-00C04F79EFBC}") = "Unity.2D.Tilemap.Editor", "Unity.2D.Tilemap.Editor.csproj", "{E83D2E09-AB09-8403-D4D3-58492F3044C4}"
EndProject
Project("{FAE04EC0-301F-11D3-BF4B-00C04F79EFBC}") = "Unity.2D.PixelPerfect.Editor", "Unity.2D.PixelPerfect.Editor.csproj", "{F8A40F6C-3534-553A-341D-53666345A8D7}"
EndProject
Project("{FAE04EC0-301F-11D3-BF4B-00C04F79EFBC}") = "Unity.VSCode.Editor", "Unity.VSCode.Editor.csproj", "{352C2DDE-BFD0-E37B-24D8-785C93308261}"
EndProject
Project("{FAE04EC0-301F-11D3-BF4B-00C04F79EFBC}") = "Unity.2D.Common.Editor", "Unity.2D.Common.Editor.csproj", "{C3FDD78F-B398-F01E-3E13-5280819F7F0E}"
EndProject
Project("{FAE04EC0-301F-11D3-BF4B-00C04F79EFBC}") = "Unity.Mathematics.Editor", "Unity.Mathematics.Editor.csproj", "{A5E2F724-A416-0468-3F59-2474A0F04EB1}"
EndProject
Project("{FAE04EC0-301F-11D3-BF4B-00C04F79EFBC}") = "Unity.InternalAPIEditorBridge.001", "Unity.InternalAPIEditorBridge.001.csproj", "{877137CA-F5C8-194E-69B4-1690477460EA}"
EndProject
Global
	GlobalSection(SolutionConfigurationPlatforms) = preSolution
		Debug|Any CPU = Debug|Any CPU
		Release|Any CPU = Release|Any CPU
	EndGlobalSection
	GlobalSection(ProjectConfigurationPlatforms) = postSolution
		{824EA20E-A5DC-D924-C13C-5B220ACA033E}.Debug|Any CPU.ActiveCfg = Debug|Any CPU
		{824EA20E-A5DC-D924-C13C-5B220ACA033E}.Debug|Any CPU.Build.0 = Debug|Any CPU
		{824EA20E-A5DC-D924-C13C-5B220ACA033E}.Release|Any CPU.ActiveCfg = Release|Any CPU
		{824EA20E-A5DC-D924-C13C-5B220ACA033E}.Release|Any CPU.Build.0 = Release|Any CPU
		{565CC5D9-7430-7421-B4E0-46606A93C0DC}.Debug|Any CPU.ActiveCfg = Debug|Any CPU
		{565CC5D9-7430-7421-B4E0-46606A93C0DC}.Debug|Any CPU.Build.0 = Debug|Any CPU
		{565CC5D9-7430-7421-B4E0-46606A93C0DC}.Release|Any CPU.ActiveCfg = Release|Any CPU
		{565CC5D9-7430-7421-B4E0-46606A93C0DC}.Release|Any CPU.Build.0 = Release|Any CPU
		{572783DF-B4E2-5C92-37C9-7B69B83A2F8F}.Debug|Any CPU.ActiveCfg = Debug|Any CPU
		{572783DF-B4E2-5C92-37C9-7B69B83A2F8F}.Debug|Any CPU.Build.0 = Debug|Any CPU
		{572783DF-B4E2-5C92-37C9-7B69B83A2F8F}.Release|Any CPU.ActiveCfg = Release|Any CPU
		{572783DF-B4E2-5C92-37C9-7B69B83A2F8F}.Release|Any CPU.Build.0 = Release|Any CPU
		{37467FC5-AECF-0417-C76B-CFF92458AABC}.Debug|Any CPU.ActiveCfg = Debug|Any CPU
		{37467FC5-AECF-0417-C76B-CFF92458AABC}.Debug|Any CPU.Build.0 = Debug|Any CPU
		{37467FC5-AECF-0417-C76B-CFF92458AABC}.Release|Any CPU.ActiveCfg = Release|Any CPU
		{37467FC5-AECF-0417-C76B-CFF92458AABC}.Release|Any CPU.Build.0 = Release|Any CPU
		{360B0DA9-1F1D-1868-1BD0-057E283E1EE9}.Debug|Any CPU.ActiveCfg = Debug|Any CPU
		{360B0DA9-1F1D-1868-1BD0-057E283E1EE9}.Debug|Any CPU.Build.0 = Debug|Any CPU
		{360B0DA9-1F1D-1868-1BD0-057E283E1EE9}.Release|Any CPU.ActiveCfg = Release|Any CPU
		{360B0DA9-1F1D-1868-1BD0-057E283E1EE9}.Release|Any CPU.Build.0 = Release|Any CPU
		{48575AC0-0A07-20A5-049F-764453CB6BAC}.Debug|Any CPU.ActiveCfg = Debug|Any CPU
		{48575AC0-0A07-20A5-049F-764453CB6BAC}.Debug|Any CPU.Build.0 = Debug|Any CPU
		{48575AC0-0A07-20A5-049F-764453CB6BAC}.Release|Any CPU.ActiveCfg = Release|Any CPU
		{48575AC0-0A07-20A5-049F-764453CB6BAC}.Release|Any CPU.Build.0 = Release|Any CPU
		{3520D73C-6483-916A-DCF8-D1C184F7B316}.Debug|Any CPU.ActiveCfg = Debug|Any CPU
		{3520D73C-6483-916A-DCF8-D1C184F7B316}.Debug|Any CPU.Build.0 = Debug|Any CPU
		{3520D73C-6483-916A-DCF8-D1C184F7B316}.Release|Any CPU.ActiveCfg = Release|Any CPU
		{3520D73C-6483-916A-DCF8-D1C184F7B316}.Release|Any CPU.Build.0 = Release|Any CPU
		{E83B84FD-B164-4CFD-4D98-EF763611C665}.Debug|Any CPU.ActiveCfg = Debug|Any CPU
		{E83B84FD-B164-4CFD-4D98-EF763611C665}.Debug|Any CPU.Build.0 = Debug|Any CPU
		{E83B84FD-B164-4CFD-4D98-EF763611C665}.Release|Any CPU.ActiveCfg = Release|Any CPU
		{E83B84FD-B164-4CFD-4D98-EF763611C665}.Release|Any CPU.Build.0 = Release|Any CPU
		{9625A8E5-88CE-351C-A728-EE080D563820}.Debug|Any CPU.ActiveCfg = Debug|Any CPU
		{9625A8E5-88CE-351C-A728-EE080D563820}.Debug|Any CPU.Build.0 = Debug|Any CPU
		{9625A8E5-88CE-351C-A728-EE080D563820}.Release|Any CPU.ActiveCfg = Release|Any CPU
		{9625A8E5-88CE-351C-A728-EE080D563820}.Release|Any CPU.Build.0 = Release|Any CPU
		{2AC6DB5D-C191-CB37-7CA2-C2ACC0BC113E}.Debug|Any CPU.ActiveCfg = Debug|Any CPU
		{2AC6DB5D-C191-CB37-7CA2-C2ACC0BC113E}.Debug|Any CPU.Build.0 = Debug|Any CPU
		{2AC6DB5D-C191-CB37-7CA2-C2ACC0BC113E}.Release|Any CPU.ActiveCfg = Release|Any CPU
		{2AC6DB5D-C191-CB37-7CA2-C2ACC0BC113E}.Release|Any CPU.Build.0 = Release|Any CPU
		{2EBCE80E-76F2-68F7-0A14-E5638B343A5C}.Debug|Any CPU.ActiveCfg = Debug|Any CPU
		{2EBCE80E-76F2-68F7-0A14-E5638B343A5C}.Debug|Any CPU.Build.0 = Debug|Any CPU
		{2EBCE80E-76F2-68F7-0A14-E5638B343A5C}.Release|Any CPU.ActiveCfg = Release|Any CPU
		{2EBCE80E-76F2-68F7-0A14-E5638B343A5C}.Release|Any CPU.Build.0 = Release|Any CPU
		{1C615BFE-4629-68B8-1C76-552A0A71B0A8}.Debug|Any CPU.ActiveCfg = Debug|Any CPU
		{1C615BFE-4629-68B8-1C76-552A0A71B0A8}.Debug|Any CPU.Build.0 = Debug|Any CPU
		{1C615BFE-4629-68B8-1C76-552A0A71B0A8}.Release|Any CPU.ActiveCfg = Release|Any CPU
		{1C615BFE-4629-68B8-1C76-552A0A71B0A8}.Release|Any CPU.Build.0 = Release|Any CPU
		{8E3AD128-1540-71E1-C48C-C08420A30C1D}.Debug|Any CPU.ActiveCfg = Debug|Any CPU
		{8E3AD128-1540-71E1-C48C-C08420A30C1D}.Debug|Any CPU.Build.0 = Debug|Any CPU
		{8E3AD128-1540-71E1-C48C-C08420A30C1D}.Release|Any CPU.ActiveCfg = Release|Any CPU
		{8E3AD128-1540-71E1-C48C-C08420A30C1D}.Release|Any CPU.Build.0 = Release|Any CPU
		{97A6ED3D-97CC-5B9B-6EC7-232208A84D0E}.Debug|Any CPU.ActiveCfg = Debug|Any CPU
		{97A6ED3D-97CC-5B9B-6EC7-232208A84D0E}.Debug|Any CPU.Build.0 = Debug|Any CPU
		{97A6ED3D-97CC-5B9B-6EC7-232208A84D0E}.Release|Any CPU.ActiveCfg = Release|Any CPU
		{97A6ED3D-97CC-5B9B-6EC7-232208A84D0E}.Release|Any CPU.Build.0 = Release|Any CPU
		{BFCC3249-DECB-EB9F-C430-09F3FB0C0FBD}.Debug|Any CPU.ActiveCfg = Debug|Any CPU
		{BFCC3249-DECB-EB9F-C430-09F3FB0C0FBD}.Debug|Any CPU.Build.0 = Debug|Any CPU
		{BFCC3249-DECB-EB9F-C430-09F3FB0C0FBD}.Release|Any CPU.ActiveCfg = Release|Any CPU
		{BFCC3249-DECB-EB9F-C430-09F3FB0C0FBD}.Release|Any CPU.Build.0 = Release|Any CPU
		{B2C1F9AC-7DA7-B384-9B6B-6B5DDB43BDA5}.Debug|Any CPU.ActiveCfg = Debug|Any CPU
		{B2C1F9AC-7DA7-B384-9B6B-6B5DDB43BDA5}.Debug|Any CPU.Build.0 = Debug|Any CPU
		{B2C1F9AC-7DA7-B384-9B6B-6B5DDB43BDA5}.Release|Any CPU.ActiveCfg = Release|Any CPU
		{B2C1F9AC-7DA7-B384-9B6B-6B5DDB43BDA5}.Release|Any CPU.Build.0 = Release|Any CPU
		{C2C84FA1-AD0B-67FC-0BB1-EDBD50EFCAA6}.Debug|Any CPU.ActiveCfg = Debug|Any CPU
		{C2C84FA1-AD0B-67FC-0BB1-EDBD50EFCAA6}.Debug|Any CPU.Build.0 = Debug|Any CPU
		{C2C84FA1-AD0B-67FC-0BB1-EDBD50EFCAA6}.Release|Any CPU.ActiveCfg = Release|Any CPU
		{C2C84FA1-AD0B-67FC-0BB1-EDBD50EFCAA6}.Release|Any CPU.Build.0 = Release|Any CPU
		{66A150D4-4EDC-24FA-330E-A390B78DEF95}.Debug|Any CPU.ActiveCfg = Debug|Any CPU
		{66A150D4-4EDC-24FA-330E-A390B78DEF95}.Debug|Any CPU.Build.0 = Debug|Any CPU
		{66A150D4-4EDC-24FA-330E-A390B78DEF95}.Release|Any CPU.ActiveCfg = Release|Any CPU
		{66A150D4-4EDC-24FA-330E-A390B78DEF95}.Release|Any CPU.Build.0 = Release|Any CPU
		{DD5B4BE0-A92B-ECFA-BBF1-B4DA045A41FE}.Debug|Any CPU.ActiveCfg = Debug|Any CPU
		{DD5B4BE0-A92B-ECFA-BBF1-B4DA045A41FE}.Debug|Any CPU.Build.0 = Debug|Any CPU
		{DD5B4BE0-A92B-ECFA-BBF1-B4DA045A41FE}.Release|Any CPU.ActiveCfg = Release|Any CPU
		{DD5B4BE0-A92B-ECFA-BBF1-B4DA045A41FE}.Release|Any CPU.Build.0 = Release|Any CPU
		{651D3F23-9053-D490-318E-70C33326C76A}.Debug|Any CPU.ActiveCfg = Debug|Any CPU
		{651D3F23-9053-D490-318E-70C33326C76A}.Debug|Any CPU.Build.0 = Debug|Any CPU
		{651D3F23-9053-D490-318E-70C33326C76A}.Release|Any CPU.ActiveCfg = Release|Any CPU
		{651D3F23-9053-D490-318E-70C33326C76A}.Release|Any CPU.Build.0 = Release|Any CPU
		{FD870D01-89C3-8C9E-D7BD-C9817BC47ACD}.Debug|Any CPU.ActiveCfg = Debug|Any CPU
		{FD870D01-89C3-8C9E-D7BD-C9817BC47ACD}.Debug|Any CPU.Build.0 = Debug|Any CPU
		{FD870D01-89C3-8C9E-D7BD-C9817BC47ACD}.Release|Any CPU.ActiveCfg = Release|Any CPU
		{FD870D01-89C3-8C9E-D7BD-C9817BC47ACD}.Release|Any CPU.Build.0 = Release|Any CPU
		{C932D360-31B3-D246-3994-7668EE6E6011}.Debug|Any CPU.ActiveCfg = Debug|Any CPU
		{C932D360-31B3-D246-3994-7668EE6E6011}.Debug|Any CPU.Build.0 = Debug|Any CPU
		{C932D360-31B3-D246-3994-7668EE6E6011}.Release|Any CPU.ActiveCfg = Release|Any CPU
		{C932D360-31B3-D246-3994-7668EE6E6011}.Release|Any CPU.Build.0 = Release|Any CPU
		{CE69185D-E817-3AE7-B564-34A939C1E820}.Debug|Any CPU.ActiveCfg = Debug|Any CPU
		{CE69185D-E817-3AE7-B564-34A939C1E820}.Debug|Any CPU.Build.0 = Debug|Any CPU
		{CE69185D-E817-3AE7-B564-34A939C1E820}.Release|Any CPU.ActiveCfg = Release|Any CPU
		{CE69185D-E817-3AE7-B564-34A939C1E820}.Release|Any CPU.Build.0 = Release|Any CPU
		{B4A01308-BD89-EAC9-5180-F224099E9D0B}.Debug|Any CPU.ActiveCfg = Debug|Any CPU
		{B4A01308-BD89-EAC9-5180-F224099E9D0B}.Debug|Any CPU.Build.0 = Debug|Any CPU
		{B4A01308-BD89-EAC9-5180-F224099E9D0B}.Release|Any CPU.ActiveCfg = Release|Any CPU
		{B4A01308-BD89-EAC9-5180-F224099E9D0B}.Release|Any CPU.Build.0 = Release|Any CPU
		{C97A71AC-16B3-966E-1FA8-8C0B93F5761C}.Debug|Any CPU.ActiveCfg = Debug|Any CPU
		{C97A71AC-16B3-966E-1FA8-8C0B93F5761C}.Debug|Any CPU.Build.0 = Debug|Any CPU
		{C97A71AC-16B3-966E-1FA8-8C0B93F5761C}.Release|Any CPU.ActiveCfg = Release|Any CPU
		{C97A71AC-16B3-966E-1FA8-8C0B93F5761C}.Release|Any CPU.Build.0 = Release|Any CPU
		{106D7FD5-9F6C-A80C-74B2-8791F5481900}.Debug|Any CPU.ActiveCfg = Debug|Any CPU
		{106D7FD5-9F6C-A80C-74B2-8791F5481900}.Debug|Any CPU.Build.0 = Debug|Any CPU
		{106D7FD5-9F6C-A80C-74B2-8791F5481900}.Release|Any CPU.ActiveCfg = Release|Any CPU
		{106D7FD5-9F6C-A80C-74B2-8791F5481900}.Release|Any CPU.Build.0 = Release|Any CPU
		{5BF5F894-49C1-9E4A-02DE-E113909DD736}.Debug|Any CPU.ActiveCfg = Debug|Any CPU
		{5BF5F894-49C1-9E4A-02DE-E113909DD736}.Debug|Any CPU.Build.0 = Debug|Any CPU
		{5BF5F894-49C1-9E4A-02DE-E113909DD736}.Release|Any CPU.ActiveCfg = Release|Any CPU
		{5BF5F894-49C1-9E4A-02DE-E113909DD736}.Release|Any CPU.Build.0 = Release|Any CPU
		{83B54BF8-1C67-4397-E640-DF36FA6E97D4}.Debug|Any CPU.ActiveCfg = Debug|Any CPU
		{83B54BF8-1C67-4397-E640-DF36FA6E97D4}.Debug|Any CPU.Build.0 = Debug|Any CPU
		{83B54BF8-1C67-4397-E640-DF36FA6E97D4}.Release|Any CPU.ActiveCfg = Release|Any CPU
		{83B54BF8-1C67-4397-E640-DF36FA6E97D4}.Release|Any CPU.Build.0 = Release|Any CPU
		{E83D2E09-AB09-8403-D4D3-58492F3044C4}.Debug|Any CPU.ActiveCfg = Debug|Any CPU
		{E83D2E09-AB09-8403-D4D3-58492F3044C4}.Debug|Any CPU.Build.0 = Debug|Any CPU
		{E83D2E09-AB09-8403-D4D3-58492F3044C4}.Release|Any CPU.ActiveCfg = Release|Any CPU
		{E83D2E09-AB09-8403-D4D3-58492F3044C4}.Release|Any CPU.Build.0 = Release|Any CPU
		{F8A40F6C-3534-553A-341D-53666345A8D7}.Debug|Any CPU.ActiveCfg = Debug|Any CPU
		{F8A40F6C-3534-553A-341D-53666345A8D7}.Debug|Any CPU.Build.0 = Debug|Any CPU
		{F8A40F6C-3534-553A-341D-53666345A8D7}.Release|Any CPU.ActiveCfg = Release|Any CPU
		{F8A40F6C-3534-553A-341D-53666345A8D7}.Release|Any CPU.Build.0 = Release|Any CPU
		{352C2DDE-BFD0-E37B-24D8-785C93308261}.Debug|Any CPU.ActiveCfg = Debug|Any CPU
		{352C2DDE-BFD0-E37B-24D8-785C93308261}.Debug|Any CPU.Build.0 = Debug|Any CPU
		{352C2DDE-BFD0-E37B-24D8-785C93308261}.Release|Any CPU.ActiveCfg = Release|Any CPU
		{352C2DDE-BFD0-E37B-24D8-785C93308261}.Release|Any CPU.Build.0 = Release|Any CPU
		{C3FDD78F-B398-F01E-3E13-5280819F7F0E}.Debug|Any CPU.ActiveCfg = Debug|Any CPU
		{C3FDD78F-B398-F01E-3E13-5280819F7F0E}.Debug|Any CPU.Build.0 = Debug|Any CPU
		{C3FDD78F-B398-F01E-3E13-5280819F7F0E}.Release|Any CPU.ActiveCfg = Release|Any CPU
		{C3FDD78F-B398-F01E-3E13-5280819F7F0E}.Release|Any CPU.Build.0 = Release|Any CPU
		{A5E2F724-A416-0468-3F59-2474A0F04EB1}.Debug|Any CPU.ActiveCfg = Debug|Any CPU
		{A5E2F724-A416-0468-3F59-2474A0F04EB1}.Debug|Any CPU.Build.0 = Debug|Any CPU
		{A5E2F724-A416-0468-3F59-2474A0F04EB1}.Release|Any CPU.ActiveCfg = Release|Any CPU
		{A5E2F724-A416-0468-3F59-2474A0F04EB1}.Release|Any CPU.Build.0 = Release|Any CPU
		{877137CA-F5C8-194E-69B4-1690477460EA}.Debug|Any CPU.ActiveCfg = Debug|Any CPU
		{877137CA-F5C8-194E-69B4-1690477460EA}.Debug|Any CPU.Build.0 = Debug|Any CPU
		{877137CA-F5C8-194E-69B4-1690477460EA}.Release|Any CPU.ActiveCfg = Release|Any CPU
		{877137CA-F5C8-194E-69B4-1690477460EA}.Release|Any CPU.Build.0 = Release|Any CPU
	EndGlobalSection
	GlobalSection(SolutionProperties) = preSolution
		HideSolutionNode = FALSE
	EndGlobalSection
EndGlobal
